dependencies:
- name: aws-load-balancer-controller
  repository: https://aws.github.io/eks-charts
  version: 1.7.1
- name: cert-manager
  repository: https://charts.jetstack.io
  version: v1.14.4
- name: external-dns
  repository: https://kubernetes-sigs.github.io/external-dns
  version: 1.14.4
- name: nvidia-device-plugin
  repository: https://nvidia.github.io/k8s-device-plugin
  version: 0.14.5
- name: karpenter
  repository: oci://public.ecr.aws/karpenter
  version: 0.35.1
- name: base
  repository: https://istio-release.storage.googleapis.com/charts
  version: 1.21.0-rc.1
- name: cni
  repository: https://istio-release.storage.googleapis.com/charts
  version: 1.21.0-rc.1
- name: ztunnel
  repository: https://istio-release.storage.googleapis.com/charts
  version: 1.21.0-rc.1
- name: istiod
  repository: https://istio-release.storage.googleapis.com/charts
  version: 1.21.0-rc.1
- name: gateway
  repository: https://istio-release.storage.googleapis.com/charts
  version: 1.21.0-rc.1
digest: sha256:83fff1cf8c521e74f661f06e6da6550c2419dd9e0270a3dd21f3dd0a3f3d0976
generated: "2024-04-06T18:38:35.200818536-07:00"
