dependencies:
- name: aws-load-balancer-controller
  repository: https://aws.github.io/eks-charts
  version: 1.7.1
- name: cert-manager
  repository: https://charts.jetstack.io
  version: v1.14.4
- name: nvidia-device-plugin
  repository: https://nvidia.github.io/k8s-device-plugin
  version: 0.14.5
- name: karpenter
  repository: oci://public.ecr.aws/karpenter
  version: 0.35.1
- name: base
  repository: https://istio-release.storage.googleapis.com/charts
  version: 1.21.0-rc.1
- name: cni
  repository: https://istio-release.storage.googleapis.com/charts
  version: 1.21.0-rc.1
- name: ztunnel
  repository: https://istio-release.storage.googleapis.com/charts
  version: 1.21.0-rc.1
- name: istiod
  repository: https://istio-release.storage.googleapis.com/charts
  version: 1.21.0-rc.1
- name: gateway
  repository: https://istio-release.storage.googleapis.com/charts
  version: 1.21.0-rc.1
digest: sha256:03f8310f458e5750c7ad9d5d4f820263f849b374b83354cf31346c5e94f51595
generated: "2024-04-01T13:34:23.233709357-07:00"
